
Microsoft Visual Studio Solution File, Format Version 12.00
# Visual Studio Version 17
VisualStudioVersion = 17.11.35222.181
MinimumVisualStudioVersion = 10.0.40219.1
Project("{FAE04EC0-301F-11D3-BF4B-00C04F79EFBC}") = "Wilkinson_Calculator", "Wilkinson_Calculator\Wilkinson_Calculator.csproj", "{59201D76-B1F8-4A16-9CED-F4108F9EEB0B}"
EndProject
Global
	GlobalSection(SolutionConfigurationPlatforms) = preSolution
		Debug|Any CPU = Debug|Any CPU
		Release|Any CPU = Release|Any CPU
	EndGlobalSection
	GlobalSection(ProjectConfigurationPlatforms) = postSolution
		{59201D76-B1F8-4A16-9CED-F4108F9EEB0B}.Debug|Any CPU.ActiveCfg = Debug|Any CPU
		{59201D76-B1F8-4A16-9CED-F4108F9EEB0B}.Debug|Any CPU.Build.0 = Debug|Any CPU
		{59201D76-B1F8-4A16-9CED-F4108F9EEB0B}.Release|Any CPU.ActiveCfg = Release|Any CPU
		{59201D76-B1F8-4A16-9CED-F4108F9EEB0B}.Release|Any CPU.Build.0 = Release|Any CPU
	EndGlobalSection
	GlobalSection(SolutionProperties) = preSolution
		HideSolutionNode = FALSE
	EndGlobalSection
	GlobalSection(ExtensibilityGlobals) = postSolution
		SolutionGuid = {17676090-C7B6-4A86-816A-6CE9E8EE07A1}
	EndGlobalSection
EndGlobal
